// !$*UTF8*$!
{
	archiveVersion = 1;
	classes = {
	};
	objectVersion = 51;
	objects = {

/* Begin PBXBuildFile section */
		9574EDE7D27BA9BB169201D9 /* Pods_CollectionViewAPI.framework in Frameworks */ = {isa = PBXBuildFile; fileRef = 00718479C1A9F616B42071CA /* Pods_CollectionViewAPI.framework */; };
		D19E5A9522CD2B9000314FDC /* ProductCollectionViewCell.swift in Sources */ = {isa = PBXBuildFile; fileRef = D19E5A9422CD2B9000314FDC /* ProductCollectionViewCell.swift */; };
		D1E2170822CF73F2001F4A5A /* DetailProductViewController.swift in Sources */ = {isa = PBXBuildFile; fileRef = D1E2170722CF73F2001F4A5A /* DetailProductViewController.swift */; };
		D1E2170A22CF8824001F4A5A /* DetailProduct.swift in Sources */ = {isa = PBXBuildFile; fileRef = D1E2170922CF8824001F4A5A /* DetailProduct.swift */; };
		D1E2170C22CF8BBE001F4A5A /* DetailsProductViewModel.swift in Sources */ = {isa = PBXBuildFile; fileRef = D1E2170B22CF8BBE001F4A5A /* DetailsProductViewModel.swift */; };
		D1F16C4B22CB7AC6009A56B1 /* AppDelegate.swift in Sources */ = {isa = PBXBuildFile; fileRef = D1F16C4A22CB7AC6009A56B1 /* AppDelegate.swift */; };
		D1F16C5022CB7AC6009A56B1 /* Main.storyboard in Resources */ = {isa = PBXBuildFile; fileRef = D1F16C4E22CB7AC6009A56B1 /* Main.storyboard */; };
		D1F16C5222CB7AC9009A56B1 /* Assets.xcassets in Resources */ = {isa = PBXBuildFile; fileRef = D1F16C5122CB7AC9009A56B1 /* Assets.xcassets */; };
		D1F16C5522CB7AC9009A56B1 /* LaunchScreen.storyboard in Resources */ = {isa = PBXBuildFile; fileRef = D1F16C5322CB7AC9009A56B1 /* LaunchScreen.storyboard */; };
		D1F16C5D22CB7B7E009A56B1 /* ProductsCollectionViewController.swift in Sources */ = {isa = PBXBuildFile; fileRef = D1F16C5C22CB7B7E009A56B1 /* ProductsCollectionViewController.swift */; };
		D1F16C6222CB7FB9009A56B1 /* Product.swift in Sources */ = {isa = PBXBuildFile; fileRef = D1F16C6122CB7FB9009A56B1 /* Product.swift */; };
		D1F16C6522CB80EA009A56B1 /* Networking.swift in Sources */ = {isa = PBXBuildFile; fileRef = D1F16C6422CB80EA009A56B1 /* Networking.swift */; };
		D1F8BF5322CF4C7A003F517C /* ProductViewModel.swift in Sources */ = {isa = PBXBuildFile; fileRef = D1F8BF5222CF4C7A003F517C /* ProductViewModel.swift */; };
/* End PBXBuildFile section */

/* Begin PBXFileReference section */
		00718479C1A9F616B42071CA /* Pods_CollectionViewAPI.framework */ = {isa = PBXFileReference; explicitFileType = wrapper.framework; includeInIndex = 0; path = Pods_CollectionViewAPI.framework; sourceTree = BUILT_PRODUCTS_DIR; };
		D19E5A9422CD2B9000314FDC /* ProductCollectionViewCell.swift */ = {isa = PBXFileReference; lastKnownFileType = sourcecode.swift; path = ProductCollectionViewCell.swift; sourceTree = "<group>"; };
		D1E2170722CF73F2001F4A5A /* DetailProductViewController.swift */ = {isa = PBXFileReference; lastKnownFileType = sourcecode.swift; path = DetailProductViewController.swift; sourceTree = "<group>"; };
		D1E2170922CF8824001F4A5A /* DetailProduct.swift */ = {isa = PBXFileReference; lastKnownFileType = sourcecode.swift; path = DetailProduct.swift; sourceTree = "<group>"; };
		D1E2170B22CF8BBE001F4A5A /* DetailsProductViewModel.swift */ = {isa = PBXFileReference; lastKnownFileType = sourcecode.swift; path = DetailsProductViewModel.swift; sourceTree = "<group>"; };
		D1F16C4722CB7AC6009A56B1 /* CollectionViewAPI.app */ = {isa = PBXFileReference; explicitFileType = wrapper.application; includeInIndex = 0; path = CollectionViewAPI.app; sourceTree = BUILT_PRODUCTS_DIR; };
		D1F16C4A22CB7AC6009A56B1 /* AppDelegate.swift */ = {isa = PBXFileReference; lastKnownFileType = sourcecode.swift; path = AppDelegate.swift; sourceTree = "<group>"; };
		D1F16C4F22CB7AC6009A56B1 /* Base */ = {isa = PBXFileReference; lastKnownFileType = file.storyboard; name = Base; path = Base.lproj/Main.storyboard; sourceTree = "<group>"; };
		D1F16C5122CB7AC9009A56B1 /* Assets.xcassets */ = {isa = PBXFileReference; lastKnownFileType = folder.assetcatalog; path = Assets.xcassets; sourceTree = "<group>"; };
		D1F16C5422CB7AC9009A56B1 /* Base */ = {isa = PBXFileReference; lastKnownFileType = file.storyboard; name = Base; path = Base.lproj/LaunchScreen.storyboard; sourceTree = "<group>"; };
		D1F16C5622CB7AC9009A56B1 /* Info.plist */ = {isa = PBXFileReference; lastKnownFileType = text.plist.xml; path = Info.plist; sourceTree = "<group>"; };
		D1F16C5C22CB7B7E009A56B1 /* ProductsCollectionViewController.swift */ = {isa = PBXFileReference; lastKnownFileType = sourcecode.swift; path = ProductsCollectionViewController.swift; sourceTree = "<group>"; };
		D1F16C6122CB7FB9009A56B1 /* Product.swift */ = {isa = PBXFileReference; lastKnownFileType = sourcecode.swift; path = Product.swift; sourceTree = "<group>"; };
		D1F16C6422CB80EA009A56B1 /* Networking.swift */ = {isa = PBXFileReference; lastKnownFileType = sourcecode.swift; path = Networking.swift; sourceTree = "<group>"; };
		D1F8BF5222CF4C7A003F517C /* ProductViewModel.swift */ = {isa = PBXFileReference; lastKnownFileType = sourcecode.swift; path = ProductViewModel.swift; sourceTree = "<group>"; };
		F3BDB3B18AE370846CB3892D /* Pods-CollectionViewAPI.debug.xcconfig */ = {isa = PBXFileReference; includeInIndex = 1; lastKnownFileType = text.xcconfig; name = "Pods-CollectionViewAPI.debug.xcconfig"; path = "Target Support Files/Pods-CollectionViewAPI/Pods-CollectionViewAPI.debug.xcconfig"; sourceTree = "<group>"; };
		F7224F15D2FBAE6C490C4E84 /* Pods-CollectionViewAPI.release.xcconfig */ = {isa = PBXFileReference; includeInIndex = 1; lastKnownFileType = text.xcconfig; name = "Pods-CollectionViewAPI.release.xcconfig"; path = "Target Support Files/Pods-CollectionViewAPI/Pods-CollectionViewAPI.release.xcconfig"; sourceTree = "<group>"; };
/* End PBXFileReference section */

/* Begin PBXFrameworksBuildPhase section */
		D1F16C4422CB7AC6009A56B1 /* Frameworks */ = {
			isa = PBXFrameworksBuildPhase;
			buildActionMask = 2147483647;
			files = (
				9574EDE7D27BA9BB169201D9 /* Pods_CollectionViewAPI.framework in Frameworks */,
			);
			runOnlyForDeploymentPostprocessing = 0;
		};
/* End PBXFrameworksBuildPhase section */

/* Begin PBXGroup section */
		2B711CBBFBFC9169894CD05A /* Frameworks */ = {
			isa = PBXGroup;
			children = (
				00718479C1A9F616B42071CA /* Pods_CollectionViewAPI.framework */,
			);
			name = Frameworks;
			sourceTree = "<group>";
		};
		315B04E0303FC6618EB69255 /* Pods */ = {
			isa = PBXGroup;
			children = (
				F3BDB3B18AE370846CB3892D /* Pods-CollectionViewAPI.debug.xcconfig */,
				F7224F15D2FBAE6C490C4E84 /* Pods-CollectionViewAPI.release.xcconfig */,
			);
			path = Pods;
			sourceTree = "<group>";
		};
		D1F16C3E22CB7AC6009A56B1 = {
			isa = PBXGroup;
			children = (
				D1F16C4922CB7AC6009A56B1 /* CollectionViewAPI */,
				D1F16C4822CB7AC6009A56B1 /* Products */,
				315B04E0303FC6618EB69255 /* Pods */,
				2B711CBBFBFC9169894CD05A /* Frameworks */,
			);
			sourceTree = "<group>";
		};
		D1F16C4822CB7AC6009A56B1 /* Products */ = {
			isa = PBXGroup;
			children = (
				D1F16C4722CB7AC6009A56B1 /* CollectionViewAPI.app */,
			);
			name = Products;
			sourceTree = "<group>";
		};
		D1F16C4922CB7AC6009A56B1 /* CollectionViewAPI */ = {
			isa = PBXGroup;
			children = (
				D1F16C6622CB80F0009A56B1 /* Networking */,
				D1F16C6322CB7FBF009A56B1 /* Model */,
				D1F16C5F22CB7F8D009A56B1 /* View */,
				D1F8BF5422CF4C90003F517C /* View Model */,
				D1F16C6022CB7F97009A56B1 /* Controller */,
				D1F16C5E22CB7F06009A56B1 /* Supporting Files */,
				D1F16C5622CB7AC9009A56B1 /* Info.plist */,
			);
			path = CollectionViewAPI;
			sourceTree = "<group>";
		};
		D1F16C5E22CB7F06009A56B1 /* Supporting Files */ = {
			isa = PBXGroup;
			children = (
				D1F16C4A22CB7AC6009A56B1 /* AppDelegate.swift */,
				D1F16C5122CB7AC9009A56B1 /* Assets.xcassets */,
				D1F16C5322CB7AC9009A56B1 /* LaunchScreen.storyboard */,
			);
			path = "Supporting Files";
			sourceTree = "<group>";
		};
		D1F16C5F22CB7F8D009A56B1 /* View */ = {
			isa = PBXGroup;
			children = (
				D1F16C4E22CB7AC6009A56B1 /* Main.storyboard */,
				D19E5A9422CD2B9000314FDC /* ProductCollectionViewCell.swift */,
			);
			path = View;
			sourceTree = "<group>";
		};
		D1F16C6022CB7F97009A56B1 /* Controller */ = {
			isa = PBXGroup;
			children = (
				D1F16C5C22CB7B7E009A56B1 /* ProductsCollectionViewController.swift */,
				D1E2170722CF73F2001F4A5A /* DetailProductViewController.swift */,
			);
			path = Controller;
			sourceTree = "<group>";
		};
		D1F16C6322CB7FBF009A56B1 /* Model */ = {
			isa = PBXGroup;
			children = (
				D1F16C6122CB7FB9009A56B1 /* Product.swift */,
				D1E2170922CF8824001F4A5A /* DetailProduct.swift */,
			);
			path = Model;
			sourceTree = "<group>";
		};
		D1F16C6622CB80F0009A56B1 /* Networking */ = {
			isa = PBXGroup;
			children = (
				D1F16C6422CB80EA009A56B1 /* Networking.swift */,
			);
			path = Networking;
			sourceTree = "<group>";
		};
		D1F8BF5422CF4C90003F517C /* View Model */ = {
			isa = PBXGroup;
			children = (
				D1F8BF5222CF4C7A003F517C /* ProductViewModel.swift */,
				D1E2170B22CF8BBE001F4A5A /* DetailsProductViewModel.swift */,
			);
			path = "View Model";
			sourceTree = "<group>";
		};
/* End PBXGroup section */

/* Begin PBXNativeTarget section */
		D1F16C4622CB7AC6009A56B1 /* CollectionViewAPI */ = {
			isa = PBXNativeTarget;
			buildConfigurationList = D1F16C5922CB7AC9009A56B1 /* Build configuration list for PBXNativeTarget "CollectionViewAPI" */;
			buildPhases = (
				2E2EFF08E22DF8F8E1900C98 /* [CP] Check Pods Manifest.lock */,
				D1F16C4322CB7AC6009A56B1 /* Sources */,
				D1F16C4422CB7AC6009A56B1 /* Frameworks */,
				D1F16C4522CB7AC6009A56B1 /* Resources */,
				34E427D3232D5EB256ED3486 /* [CP] Embed Pods Frameworks */,
			);
			buildRules = (
			);
			dependencies = (
			);
			name = CollectionViewAPI;
			productName = CollectionViewAPI;
			productReference = D1F16C4722CB7AC6009A56B1 /* CollectionViewAPI.app */;
			productType = "com.apple.product-type.application";
		};
/* End PBXNativeTarget section */

/* Begin PBXProject section */
		D1F16C3F22CB7AC6009A56B1 /* Project object */ = {
			isa = PBXProject;
			attributes = {
				LastSwiftUpdateCheck = 1020;
				LastUpgradeCheck = 1020;
				ORGANIZATIONNAME = "Dima Shelkov";
				TargetAttributes = {
					D1F16C4622CB7AC6009A56B1 = {
						CreatedOnToolsVersion = 10.2.1;
					};
				};
			};
			buildConfigurationList = D1F16C4222CB7AC6009A56B1 /* Build configuration list for PBXProject "CollectionViewAPI" */;
			compatibilityVersion = "Xcode 9.3";
			developmentRegion = en;
			hasScannedForEncodings = 0;
			knownRegions = (
				en,
				Base,
			);
			mainGroup = D1F16C3E22CB7AC6009A56B1;
			productRefGroup = D1F16C4822CB7AC6009A56B1 /* Products */;
			projectDirPath = "";
			projectRoot = "";
			targets = (
				D1F16C4622CB7AC6009A56B1 /* CollectionViewAPI */,
			);
		};
/* End PBXProject section */

/* Begin PBXResourcesBuildPhase section */
		D1F16C4522CB7AC6009A56B1 /* Resources */ = {
			isa = PBXResourcesBuildPhase;
			buildActionMask = 2147483647;
			files = (
				D1F16C5522CB7AC9009A56B1 /* LaunchScreen.storyboard in Resources */,
				D1F16C5222CB7AC9009A56B1 /* Assets.xcassets in Resources */,
				D1F16C5022CB7AC6009A56B1 /* Main.storyboard in Resources */,
			);
			runOnlyForDeploymentPostprocessing = 0;
		};
/* End PBXResourcesBuildPhase section */

/* Begin PBXShellScriptBuildPhase section */
		2E2EFF08E22DF8F8E1900C98 /* [CP] Check Pods Manifest.lock */ = {
			isa = PBXShellScriptBuildPhase;
			buildActionMask = 2147483647;
			files = (
			);
			inputFileListPaths = (
			);
			inputPaths = (
				"${PODS_PODFILE_DIR_PATH}/Podfile.lock",
				"${PODS_ROOT}/Manifest.lock",
			);
			name = "[CP] Check Pods Manifest.lock";
			outputFileListPaths = (
			);
			outputPaths = (
				"$(DERIVED_FILE_DIR)/Pods-CollectionViewAPI-checkManifestLockResult.txt",
			);
			runOnlyForDeploymentPostprocessing = 0;
			shellPath = /bin/sh;
			shellScript = "diff \"${PODS_PODFILE_DIR_PATH}/Podfile.lock\" \"${PODS_ROOT}/Manifest.lock\" > /dev/null\nif [ $? != 0 ] ; then\n    # print error to STDERR\n    echo \"error: The sandbox is not in sync with the Podfile.lock. Run 'pod install' or update your CocoaPods installation.\" >&2\n    exit 1\nfi\n# This output is used by Xcode 'outputs' to avoid re-running this script phase.\necho \"SUCCESS\" > \"${SCRIPT_OUTPUT_FILE_0}\"\n";
			showEnvVarsInLog = 0;
		};
		34E427D3232D5EB256ED3486 /* [CP] Embed Pods Frameworks */ = {
			isa = PBXShellScriptBuildPhase;
			buildActionMask = 2147483647;
			files = (
			);
			inputFileListPaths = (
				"${PODS_ROOT}/Target Support Files/Pods-CollectionViewAPI/Pods-CollectionViewAPI-frameworks-${CONFIGURATION}-input-files.xcfilelist",
			);
			name = "[CP] Embed Pods Frameworks";
			outputFileListPaths = (
				"${PODS_ROOT}/Target Support Files/Pods-CollectionViewAPI/Pods-CollectionViewAPI-frameworks-${CONFIGURATION}-output-files.xcfilelist",
			);
			runOnlyForDeploymentPostprocessing = 0;
			shellPath = /bin/sh;
			shellScript = "\"${PODS_ROOT}/Target Support Files/Pods-CollectionViewAPI/Pods-CollectionViewAPI-frameworks.sh\"\n";
			showEnvVarsInLog = 0;
		};
/* End PBXShellScriptBuildPhase section */

/* Begin PBXSourcesBuildPhase section */
		D1F16C4322CB7AC6009A56B1 /* Sources */ = {
			isa = PBXSourcesBuildPhase;
			buildActionMask = 2147483647;
			files = (
				D1F16C5D22CB7B7E009A56B1 /* ProductsCollectionViewController.swift in Sources */,
				D1F16C4B22CB7AC6009A56B1 /* AppDelegate.swift in Sources */,
				D1E2170A22CF8824001F4A5A /* DetailProduct.swift in Sources */,
				D1E2170822CF73F2001F4A5A /* DetailProductViewController.swift in Sources */,
				D1F8BF5322CF4C7A003F517C /* ProductViewModel.swift in Sources */,
				D19E5A9522CD2B9000314FDC /* ProductCollectionViewCell.swift in Sources */,
				D1F16C6222CB7FB9009A56B1 /* Product.swift in Sources */,
				D1F16C6522CB80EA009A56B1 /* Networking.swift in Sources */,
				D1E2170C22CF8BBE001F4A5A /* DetailsProductViewModel.swift in Sources */,
			);
			runOnlyForDeploymentPostprocessing = 0;
		};
/* End PBXSourcesBuildPhase section */

/* Begin PBXVariantGroup section */
		D1F16C4E22CB7AC6009A56B1 /* Main.storyboard */ = {
			isa = PBXVariantGroup;
			children = (
				D1F16C4F22CB7AC6009A56B1 /* Base */,
			);
			name = Main.storyboard;
			sourceTree = "<group>";
		};
		D1F16C5322CB7AC9009A56B1 /* LaunchScreen.storyboard */ = {
			isa = PBXVariantGroup;
			children = (
				D1F16C5422CB7AC9009A56B1 /* Base */,
			);
			name = LaunchScreen.storyboard;
			sourceTree = "<group>";
		};
/* End PBXVariantGroup section */

/* Begin XCBuildConfiguration section */
		D1F16C5722CB7AC9009A56B1 /* Debug */ = {
			isa = XCBuildConfiguration;
			buildSettings = {
				ALWAYS_SEARCH_USER_PATHS = NO;
				CLANG_ANALYZER_NONNULL = YES;
				CLANG_ANALYZER_NUMBER_OBJECT_CONVERSION = YES_AGGRESSIVE;
				CLANG_CXX_LANGUAGE_STANDARD = "gnu++14";
				CLANG_CXX_LIBRARY = "libc++";
				CLANG_ENABLE_MODULES = YES;
				CLANG_ENABLE_OBJC_ARC = YES;
				CLANG_ENABLE_OBJC_WEAK = YES;
				CLANG_WARN_BLOCK_CAPTURE_AUTORELEASING = YES;
				CLANG_WARN_BOOL_CONVERSION = YES;
				CLANG_WARN_COMMA = YES;
				CLANG_WARN_CONSTANT_CONVERSION = YES;
				CLANG_WARN_DEPRECATED_OBJC_IMPLEMENTATIONS = YES;
				CLANG_WARN_DIRECT_OBJC_ISA_USAGE = YES_ERROR;
				CLANG_WARN_DOCUMENTATION_COMMENTS = YES;
				CLANG_WARN_EMPTY_BODY = YES;
				CLANG_WARN_ENUM_CONVERSION = YES;
				CLANG_WARN_INFINITE_RECURSION = YES;
				CLANG_WARN_INT_CONVERSION = YES;
				CLANG_WARN_NON_LITERAL_NULL_CONVERSION = YES;
				CLANG_WARN_OBJC_IMPLICIT_RETAIN_SELF = YES;
				CLANG_WARN_OBJC_LITERAL_CONVERSION = YES;
				CLANG_WARN_OBJC_ROOT_CLASS = YES_ERROR;
				CLANG_WARN_RANGE_LOOP_ANALYSIS = YES;
				CLANG_WARN_STRICT_PROTOTYPES = YES;
				CLANG_WARN_SUSPICIOUS_MOVE = YES;
				CLANG_WARN_UNGUARDED_AVAILABILITY = YES_AGGRESSIVE;
				CLANG_WARN_UNREACHABLE_CODE = YES;
				CLANG_WARN__DUPLICATE_METHOD_MATCH = YES;
				CODE_SIGN_IDENTITY = "iPhone Developer";
				COPY_PHASE_STRIP = NO;
				DEBUG_INFORMATION_FORMAT = dwarf;
				ENABLE_STRICT_OBJC_MSGSEND = YES;
				ENABLE_TESTABILITY = YES;
				GCC_C_LANGUAGE_STANDARD = gnu11;
				GCC_DYNAMIC_NO_PIC = NO;
				GCC_NO_COMMON_BLOCKS = YES;
				GCC_OPTIMIZATION_LEVEL = 0;
				GCC_PREPROCESSOR_DEFINITIONS = (
					"DEBUG=1",
					"$(inherited)",
				);
				GCC_WARN_64_TO_32_BIT_CONVERSION = YES;
				GCC_WARN_ABOUT_RETURN_TYPE = YES_ERROR;
				GCC_WARN_UNDECLARED_SELECTOR = YES;
				GCC_WARN_UNINITIALIZED_AUTOS = YES_AGGRESSIVE;
				GCC_WARN_UNUSED_FUNCTION = YES;
				GCC_WARN_UNUSED_VARIABLE = YES;
				IPHONEOS_DEPLOYMENT_TARGET = 12.2;
				MTL_ENABLE_DEBUG_INFO = INCLUDE_SOURCE;
				MTL_FAST_MATH = YES;
				ONLY_ACTIVE_ARCH = YES;
				SDKROOT = iphoneos;
				SWIFT_ACTIVE_COMPILATION_CONDITIONS = DEBUG;
				SWIFT_OPTIMIZATION_LEVEL = "-Onone";
			};
			name = Debug;
		};
		D1F16C5822CB7AC9009A56B1 /* Release */ = {
			isa = XCBuildConfiguration;
			buildSettings = {
				ALWAYS_SEARCH_USER_PATHS = NO;
				CLANG_ANALYZER_NONNULL = YES;
				CLANG_ANALYZER_NUMBER_OBJECT_CONVERSION = YES_AGGRESSIVE;
				CLANG_CXX_LANGUAGE_STANDARD = "gnu++14";
				CLANG_CXX_LIBRARY = "libc++";
				CLANG_ENABLE_MODULES = YES;
				CLANG_ENABLE_OBJC_ARC = YES;
				CLANG_ENABLE_OBJC_WEAK = YES;
				CLANG_WARN_BLOCK_CAPTURE_AUTORELEASING = YES;
				CLANG_WARN_BOOL_CONVERSION = YES;
				CLANG_WARN_COMMA = YES;
				CLANG_WARN_CONSTANT_CONVERSION = YES;
				CLANG_WARN_DEPRECATED_OBJC_IMPLEMENTATIONS = YES;
				CLANG_WARN_DIRECT_OBJC_ISA_USAGE = YES_ERROR;
				CLANG_WARN_DOCUMENTATION_COMMENTS = YES;
				CLANG_WARN_EMPTY_BODY = YES;
				CLANG_WARN_ENUM_CONVERSION = YES;
				CLANG_WARN_INFINITE_RECURSION = YES;
				CLANG_WARN_INT_CONVERSION = YES;
				CLANG_WARN_NON_LITERAL_NULL_CONVERSION = YES;
				CLANG_WARN_OBJC_IMPLICIT_RETAIN_SELF = YES;
				CLANG_WARN_OBJC_LITERAL_CONVERSION = YES;
				CLANG_WARN_OBJC_ROOT_CLASS = YES_ERROR;
				CLANG_WARN_RANGE_LOOP_ANALYSIS = YES;
				CLANG_WARN_STRICT_PROTOTYPES = YES;
				CLANG_WARN_SUSPICIOUS_MOVE = YES;
				CLANG_WARN_UNGUARDED_AVAILABILITY = YES_AGGRESSIVE;
				CLANG_WARN_UNREACHABLE_CODE = YES;
				CLANG_WARN__DUPLICATE_METHOD_MATCH = YES;
				CODE_SIGN_IDENTITY = "iPhone Developer";
				COPY_PHASE_STRIP = NO;
				DEBUG_INFORMATION_FORMAT = "dwarf-with-dsym";
				ENABLE_NS_ASSERTIONS = NO;
				ENABLE_STRICT_OBJC_MSGSEND = YES;
				GCC_C_LANGUAGE_STANDARD = gnu11;
				GCC_NO_COMMON_BLOCKS = YES;
				GCC_WARN_64_TO_32_BIT_CONVERSION = YES;
				GCC_WARN_ABOUT_RETURN_TYPE = YES_ERROR;
				GCC_WARN_UNDECLARED_SELECTOR = YES;
				GCC_WARN_UNINITIALIZED_AUTOS = YES_AGGRESSIVE;
				GCC_WARN_UNUSED_FUNCTION = YES;
				GCC_WARN_UNUSED_VARIABLE = YES;
				IPHONEOS_DEPLOYMENT_TARGET = 12.2;
				MTL_ENABLE_DEBUG_INFO = NO;
				MTL_FAST_MATH = YES;
				SDKROOT = iphoneos;
				SWIFT_COMPILATION_MODE = wholemodule;
				SWIFT_OPTIMIZATION_LEVEL = "-O";
				VALIDATE_PRODUCT = YES;
			};
			name = Release;
		};
		D1F16C5A22CB7AC9009A56B1 /* Debug */ = {
			isa = XCBuildConfiguration;
			baseConfigurationReference = F3BDB3B18AE370846CB3892D /* Pods-CollectionViewAPI.debug.xcconfig */;
			buildSettings = {
				ASSETCATALOG_COMPILER_APPICON_NAME = AppIcon;
				CODE_SIGN_STYLE = Automatic;
				DEVELOPMENT_TEAM = 26PXP4V49P;
				INFOPLIST_FILE = CollectionViewAPI/Info.plist;
				LD_RUNPATH_SEARCH_PATHS = (
					"$(inherited)",
					"@executable_path/Frameworks",
				);
				PRODUCT_BUNDLE_IDENTIFIER = com.shkvy.CollectionViewAPI;
				PRODUCT_NAME = "$(TARGET_NAME)";
				SWIFT_VERSION = 5.0;
				TARGETED_DEVICE_FAMILY = "1,2";
			};
			name = Debug;
		};
		D1F16C5B22CB7AC9009A56B1 /* Release */ = {
			isa = XCBuildConfiguration;
			baseConfigurationReference = F7224F15D2FBAE6C490C4E84 /* Pods-CollectionViewAPI.release.xcconfig */;
			buildSettings = {
				ASSETCATALOG_COMPILER_APPICON_NAME = AppIcon;
				CODE_SIGN_STYLE = Automatic;
				DEVELOPMENT_TEAM = 26PXP4V49P;
				INFOPLIST_FILE = CollectionViewAPI/Info.plist;
				LD_RUNPATH_SEARCH_PATHS = (
					"$(inherited)",
					"@executable_path/Frameworks",
				);
				PRODUCT_BUNDLE_IDENTIFIER = com.shkvy.CollectionViewAPI;
				PRODUCT_NAME = "$(TARGET_NAME)";
				SWIFT_VERSION = 5.0;
				TARGETED_DEVICE_FAMILY = "1,2";
			};
			name = Release;
		};
/* End XCBuildConfiguration section */

/* Begin XCConfigurationList section */
		D1F16C4222CB7AC6009A56B1 /* Build configuration list for PBXProject "CollectionViewAPI" */ = {
			isa = XCConfigurationList;
			buildConfigurations = (
				D1F16C5722CB7AC9009A56B1 /* Debug */,
				D1F16C5822CB7AC9009A56B1 /* Release */,
			);
			defaultConfigurationIsVisible = 0;
			defaultConfigurationName = Release;
		};
		D1F16C5922CB7AC9009A56B1 /* Build configuration list for PBXNativeTarget "CollectionViewAPI" */ = {
			isa = XCConfigurationList;
			buildConfigurations = (
				D1F16C5A22CB7AC9009A56B1 /* Debug */,
				D1F16C5B22CB7AC9009A56B1 /* Release */,
			);
			defaultConfigurationIsVisible = 0;
			defaultConfigurationName = Release;
		};
/* End XCConfigurationList section */
	};
	rootObject = D1F16C3F22CB7AC6009A56B1 /* Project object */;
}
